
Microsoft Visual Studio Solution File, Format Version 12.00
# Visual Studio 15
Project("{FAE04EC0-301F-11D3-BF4B-00C04F79EFBC}") = "Assembly-CSharp-firstpass", "Assembly-CSharp-firstpass.csproj", "{08321507-30A3-C63C-D06D-61395B717A61}"
EndProject
Project("{FAE04EC0-301F-11D3-BF4B-00C04F79EFBC}") = "Assembly-CSharp", "Assembly-CSharp.csproj", "{8A8D1D88-C941-7070-941D-907AFEC34D84}"
EndProject
Project("{FAE04EC0-301F-11D3-BF4B-00C04F79EFBC}") = "Assembly-CSharp-Editor-firstpass", "Assembly-CSharp-Editor-firstpass.csproj", "{4FC1D2CC-A916-6152-3A1C-CFC2BED8D24A}"
EndProject
Global
	GlobalSection(SolutionConfigurationPlatforms) = preSolution
		Debug|Any CPU = Debug|Any CPU
		Release|Any CPU = Release|Any CPU
	EndGlobalSection
	GlobalSection(ProjectConfigurationPlatforms) = postSolution
		{08321507-30A3-C63C-D06D-61395B717A61}.Debug|Any CPU.ActiveCfg = Debug|Any CPU
		{08321507-30A3-C63C-D06D-61395B717A61}.Debug|Any CPU.Build.0 = Debug|Any CPU
		{08321507-30A3-C63C-D06D-61395B717A61}.Release|Any CPU.ActiveCfg = Release|Any CPU
		{08321507-30A3-C63C-D06D-61395B717A61}.Release|Any CPU.Build.0 = Release|Any CPU
		{8A8D1D88-C941-7070-941D-907AFEC34D84}.Debug|Any CPU.ActiveCfg = Debug|Any CPU
		{8A8D1D88-C941-7070-941D-907AFEC34D84}.Debug|Any CPU.Build.0 = Debug|Any CPU
		{8A8D1D88-C941-7070-941D-907AFEC34D84}.Release|Any CPU.ActiveCfg = Release|Any CPU
		{8A8D1D88-C941-7070-941D-907AFEC34D84}.Release|Any CPU.Build.0 = Release|Any CPU
		{4FC1D2CC-A916-6152-3A1C-CFC2BED8D24A}.Debug|Any CPU.ActiveCfg = Debug|Any CPU
		{4FC1D2CC-A916-6152-3A1C-CFC2BED8D24A}.Debug|Any CPU.Build.0 = Debug|Any CPU
		{4FC1D2CC-A916-6152-3A1C-CFC2BED8D24A}.Release|Any CPU.ActiveCfg = Release|Any CPU
		{4FC1D2CC-A916-6152-3A1C-CFC2BED8D24A}.Release|Any CPU.Build.0 = Release|Any CPU
	EndGlobalSection
	GlobalSection(SolutionProperties) = preSolution
		HideSolutionNode = FALSE
	EndGlobalSection
EndGlobal
